{
  "name": "guygetcoin",
  "version": "1.0.0",
  "lockfileVersion": 2,
  "requires": true,
  "packages": {
    "": {
      "name": "guygetcoin",
      "version": "1.0.0",
      "license": "ISC",
      "devDependencies": {
        "typescript": "^4.7.4"
      }
    },
    "node_modules/typescript": {
      "version": "4.7.4",
      "resolved": "https://pkgs.dev.azure.com/avanade-psg/_packaging/AMP_npm/npm/registry/typescript/-/typescript-4.7.4.tgz",
      "integrity": "sha1-GohZbRz0fVlQehvN+1ud/k1IgjU=",
      "dev": true,
      "license": "Apache-2.0",
      "bin": {
        "tsc": "bin/tsc",
        "tsserver": "bin/tsserver"
      },
      "engines": {
        "node": ">=4.2.0"
      }
    }
  },
  "dependencies": {
    "typescript": {
      "version": "4.7.4",
      "resolved": "https://pkgs.dev.azure.com/avanade-psg/_packaging/AMP_npm/npm/registry/typescript/-/typescript-4.7.4.tgz",
      "integrity": "sha1-GohZbRz0fVlQehvN+1ud/k1IgjU=",
      "dev": true
    }
  }
}
